{
  "name": "aui-h5",
  "version": "0.1.9",
  "lockfileVersion": 1,
  "requires": true,
  "dependencies": {
    "agile-ce": {
      "version": "0.4.16",
      "resolved": "https://registry.npmjs.org/agile-ce/-/agile-ce-0.4.16.tgz",
      "integrity": "sha512-+9bRZVqbU1EU23hQlQpmxY5D8eITaO3yTan+pBLwb7FvPRy1lT/u/Dhba3rANvuTj2c2AEHpK8WWlwv8xakWgw==",
      "dev": true
    }
  }
}
